// !$*UTF8*$!
{
	archiveVersion = 1;
	classes = {
	};
	objectVersion = 51;
	objects = {

/* Begin PBXBuildFile section */
		595FC0BA241FA40400B4EEE4 /* AppDelegate.swift in Sources */ = {isa = PBXBuildFile; fileRef = 595FC0B9241FA40400B4EEE4 /* AppDelegate.swift */; };
		595FC0BC241FA40400B4EEE4 /* SceneDelegate.swift in Sources */ = {isa = PBXBuildFile; fileRef = 595FC0BB241FA40400B4EEE4 /* SceneDelegate.swift */; };
		595FC0C1241FA40400B4EEE4 /* Main.storyboard in Resources */ = {isa = PBXBuildFile; fileRef = 595FC0BF241FA40400B4EEE4 /* Main.storyboard */; };
		595FC0C3241FA40600B4EEE4 /* Assets.xcassets in Resources */ = {isa = PBXBuildFile; fileRef = 595FC0C2241FA40600B4EEE4 /* Assets.xcassets */; };
		595FC0C6241FA40600B4EEE4 /* LaunchScreen.storyboard in Resources */ = {isa = PBXBuildFile; fileRef = 595FC0C4241FA40600B4EEE4 /* LaunchScreen.storyboard */; };
		595FC0D1241FA40600B4EEE4 /* Currency_ConverterTests.swift in Sources */ = {isa = PBXBuildFile; fileRef = 595FC0D0241FA40600B4EEE4 /* Currency_ConverterTests.swift */; };
		595FC0DD241FA72F00B4EEE4 /* R.generated.swift in Sources */ = {isa = PBXBuildFile; fileRef = 595FC0DC241FA72F00B4EEE4 /* R.generated.swift */; };
		595FC0E8241FABDB00B4EEE4 /* ConverterPresenter.swift in Sources */ = {isa = PBXBuildFile; fileRef = 595FC0E1241FABDB00B4EEE4 /* ConverterPresenter.swift */; };
		595FC0E9241FABDB00B4EEE4 /* ConverterWorker.swift in Sources */ = {isa = PBXBuildFile; fileRef = 595FC0E2241FABDB00B4EEE4 /* ConverterWorker.swift */; };
		595FC0EA241FABDB00B4EEE4 /* ConverterRouter.swift in Sources */ = {isa = PBXBuildFile; fileRef = 595FC0E3241FABDB00B4EEE4 /* ConverterRouter.swift */; };
		595FC0EB241FABDB00B4EEE4 /* ConverterModels.swift in Sources */ = {isa = PBXBuildFile; fileRef = 595FC0E4241FABDB00B4EEE4 /* ConverterModels.swift */; };
		595FC0EC241FABDB00B4EEE4 /* ConverterViewController.swift in Sources */ = {isa = PBXBuildFile; fileRef = 595FC0E5241FABDB00B4EEE4 /* ConverterViewController.swift */; };
		595FC0ED241FABDB00B4EEE4 /* ConverterInteractor.swift in Sources */ = {isa = PBXBuildFile; fileRef = 595FC0E6241FABDB00B4EEE4 /* ConverterInteractor.swift */; };
		595FC0F0241FAC3600B4EEE4 /* Converter.storyboard in Resources */ = {isa = PBXBuildFile; fileRef = 595FC0EF241FAC3600B4EEE4 /* Converter.storyboard */; };
		595FC0F3241FAD6D00B4EEE4 /* ExchangeView.swift in Sources */ = {isa = PBXBuildFile; fileRef = 595FC0F2241FAD6D00B4EEE4 /* ExchangeView.swift */; };
		595FC0F5241FAD7F00B4EEE4 /* ExchangeView.xib in Resources */ = {isa = PBXBuildFile; fileRef = 595FC0F4241FAD7F00B4EEE4 /* ExchangeView.xib */; };
		595FC0F9241FBDE700B4EEE4 /* ConverterView.xib in Resources */ = {isa = PBXBuildFile; fileRef = 595FC0F8241FBDE700B4EEE4 /* ConverterView.xib */; };
		595FC0FB241FC56E00B4EEE4 /* ConverterView.swift in Sources */ = {isa = PBXBuildFile; fileRef = 595FC0FA241FC56E00B4EEE4 /* ConverterView.swift */; };
		595FC0FF241FC9B500B4EEE4 /* ConverterCurrencyTableViewCell.swift in Sources */ = {isa = PBXBuildFile; fileRef = 595FC0FD241FC9B500B4EEE4 /* ConverterCurrencyTableViewCell.swift */; };
		595FC100241FC9B500B4EEE4 /* ConverterCurrencyTableViewCell.xib in Resources */ = {isa = PBXBuildFile; fileRef = 595FC0FE241FC9B500B4EEE4 /* ConverterCurrencyTableViewCell.xib */; };
		5968111A2420E8CE00426968 /* ChoicePresenter.swift in Sources */ = {isa = PBXBuildFile; fileRef = 596811132420E8CE00426968 /* ChoicePresenter.swift */; };
		5968111B2420E8CE00426968 /* ChoiceWorker.swift in Sources */ = {isa = PBXBuildFile; fileRef = 596811142420E8CE00426968 /* ChoiceWorker.swift */; };
		5968111C2420E8CE00426968 /* ChoiceRouter.swift in Sources */ = {isa = PBXBuildFile; fileRef = 596811152420E8CE00426968 /* ChoiceRouter.swift */; };
		5968111D2420E8CE00426968 /* ChoiceModels.swift in Sources */ = {isa = PBXBuildFile; fileRef = 596811162420E8CE00426968 /* ChoiceModels.swift */; };
		5968111E2420E8CE00426968 /* ChoiceViewController.swift in Sources */ = {isa = PBXBuildFile; fileRef = 596811172420E8CE00426968 /* ChoiceViewController.swift */; };
		5968111F2420E8CE00426968 /* ChoiceInteractor.swift in Sources */ = {isa = PBXBuildFile; fileRef = 596811182420E8CE00426968 /* ChoiceInteractor.swift */; };
		596811202420E8CE00426968 /* ChoiceViewController.xib in Resources */ = {isa = PBXBuildFile; fileRef = 596811192420E8CE00426968 /* ChoiceViewController.xib */; };
		596811242420FA6700426968 /* ChoiceCurrencyTableViewCell.swift in Sources */ = {isa = PBXBuildFile; fileRef = 596811222420FA6700426968 /* ChoiceCurrencyTableViewCell.swift */; };
		596811252420FA6700426968 /* ChoiceCurrencyTableViewCell.xib in Resources */ = {isa = PBXBuildFile; fileRef = 596811232420FA6700426968 /* ChoiceCurrencyTableViewCell.xib */; };
		7CC4451B72C84DE623FFD9CD /* Pods_Currency_Converter.framework in Frameworks */ = {isa = PBXBuildFile; fileRef = FC2699A85CC1508B48C6303D /* Pods_Currency_Converter.framework */; };
		A3E8168B007F8123B635C16B /* Pods_Currency_ConverterTests.framework in Frameworks */ = {isa = PBXBuildFile; fileRef = C584C95896CE3637A9053C1B /* Pods_Currency_ConverterTests.framework */; };
		D120C9EA242B4D3E00E6D78B /* NetworkManager.swift in Sources */ = {isa = PBXBuildFile; fileRef = D120C9E9242B4D3E00E6D78B /* NetworkManager.swift */; };
		D16E45D82423C048005D99E9 /* currenciesNames.json in Resources */ = {isa = PBXBuildFile; fileRef = D16E45D72423C047005D99E9 /* currenciesNames.json */; };
		D16E45DA2423C2E6005D99E9 /* CurrencyInfo.swift in Sources */ = {isa = PBXBuildFile; fileRef = D16E45D92423C2E6005D99E9 /* CurrencyInfo.swift */; };
		D1863CB32440FF200011F215 /* ExchangeRatesHeader.swift in Sources */ = {isa = PBXBuildFile; fileRef = D1863CB22440FF200011F215 /* ExchangeRatesHeader.swift */; };
		D188554A2436080600476EB3 /* RealmStorageContext.swift in Sources */ = {isa = PBXBuildFile; fileRef = D18855492436080600476EB3 /* RealmStorageContext.swift */; };
		D188554E2436085F00476EB3 /* StorageContext.swift in Sources */ = {isa = PBXBuildFile; fileRef = D188554D2436085F00476EB3 /* StorageContext.swift */; };
		D1885550243608B500476EB3 /* RealmCurrency.swift in Sources */ = {isa = PBXBuildFile; fileRef = D188554F243608B500476EB3 /* RealmCurrency.swift */; };
		D18855522436090900476EB3 /* RealmStorageContext+Operations.swift in Sources */ = {isa = PBXBuildFile; fileRef = D18855512436090900476EB3 /* RealmStorageContext+Operations.swift */; };
		D188555424362ACC00476EB3 /* CurrenciesInfoService.swift in Sources */ = {isa = PBXBuildFile; fileRef = D188555324362ACC00476EB3 /* CurrenciesInfoService.swift */; };
		D19A936D242CF64000DDCEA9 /* FavoritePresenter.swift in Sources */ = {isa = PBXBuildFile; fileRef = D19A9366242CF64000DDCEA9 /* FavoritePresenter.swift */; };
		D19A936E242CF64000DDCEA9 /* FavoriteWorker.swift in Sources */ = {isa = PBXBuildFile; fileRef = D19A9367242CF64000DDCEA9 /* FavoriteWorker.swift */; };
		D19A936F242CF64000DDCEA9 /* FavoriteRouter.swift in Sources */ = {isa = PBXBuildFile; fileRef = D19A9368242CF64000DDCEA9 /* FavoriteRouter.swift */; };
		D19A9370242CF64000DDCEA9 /* FavoriteModels.swift in Sources */ = {isa = PBXBuildFile; fileRef = D19A9369242CF64000DDCEA9 /* FavoriteModels.swift */; };
		D19A9371242CF64000DDCEA9 /* FavoriteViewController.swift in Sources */ = {isa = PBXBuildFile; fileRef = D19A936A242CF64000DDCEA9 /* FavoriteViewController.swift */; };
		D19A9372242CF64000DDCEA9 /* FavoriteInteractor.swift in Sources */ = {isa = PBXBuildFile; fileRef = D19A936B242CF64000DDCEA9 /* FavoriteInteractor.swift */; };
		D19A9373242CF64000DDCEA9 /* FavoriteViewController.xib in Resources */ = {isa = PBXBuildFile; fileRef = D19A936C242CF64000DDCEA9 /* FavoriteViewController.xib */; };
		D19A9377242CFF6E00DDCEA9 /* FavoriteTableViewCell.swift in Sources */ = {isa = PBXBuildFile; fileRef = D19A9375242CFF6E00DDCEA9 /* FavoriteTableViewCell.swift */; };
		D19A9378242CFF6E00DDCEA9 /* FavoriteTableViewCell.xib in Resources */ = {isa = PBXBuildFile; fileRef = D19A9376242CFF6E00DDCEA9 /* FavoriteTableViewCell.xib */; };
		D19A937C242D0C5200DDCEA9 /* EndPointType.swift in Sources */ = {isa = PBXBuildFile; fileRef = D19A937B242D0C5200DDCEA9 /* EndPointType.swift */; };
		D19A937E242D0CCC00DDCEA9 /* CurrencyLayerApi.swift in Sources */ = {isa = PBXBuildFile; fileRef = D19A937D242D0CCC00DDCEA9 /* CurrencyLayerApi.swift */; };
		D19A9380242D0E4E00DDCEA9 /* HTTPMethod.swift in Sources */ = {isa = PBXBuildFile; fileRef = D19A937F242D0E4E00DDCEA9 /* HTTPMethod.swift */; };
		D19A9382242D119500DDCEA9 /* HTTPTask.swift in Sources */ = {isa = PBXBuildFile; fileRef = D19A9381242D119400DDCEA9 /* HTTPTask.swift */; };
		D19A9384242D143700DDCEA9 /* ParameterEncoding.swift in Sources */ = {isa = PBXBuildFile; fileRef = D19A9383242D143700DDCEA9 /* ParameterEncoding.swift */; };
		D19A9386242D146C00DDCEA9 /* URLEncoding.swift in Sources */ = {isa = PBXBuildFile; fileRef = D19A9385242D146C00DDCEA9 /* URLEncoding.swift */; };
		D19A9388242D1BEC00DDCEA9 /* JSONParameterEncoder.swift in Sources */ = {isa = PBXBuildFile; fileRef = D19A9387242D1BEC00DDCEA9 /* JSONParameterEncoder.swift */; };
		D1CEB84124238E9F00988B53 /* Quote.swift in Sources */ = {isa = PBXBuildFile; fileRef = D1CEB84024238E9F00988B53 /* Quote.swift */; };
		D1DDE92F243F45CB0023E789 /* ExchangeRatesPresenter.swift in Sources */ = {isa = PBXBuildFile; fileRef = D1DDE928243F45CB0023E789 /* ExchangeRatesPresenter.swift */; };
		D1DDE930243F45CB0023E789 /* ExchangeRatesWorker.swift in Sources */ = {isa = PBXBuildFile; fileRef = D1DDE929243F45CB0023E789 /* ExchangeRatesWorker.swift */; };
		D1DDE931243F45CB0023E789 /* ExchangeRatesRouter.swift in Sources */ = {isa = PBXBuildFile; fileRef = D1DDE92A243F45CB0023E789 /* ExchangeRatesRouter.swift */; };
		D1DDE932243F45CB0023E789 /* ExchangeRatesModels.swift in Sources */ = {isa = PBXBuildFile; fileRef = D1DDE92B243F45CB0023E789 /* ExchangeRatesModels.swift */; };
		D1DDE933243F45CB0023E789 /* ExchangeRatesViewController.swift in Sources */ = {isa = PBXBuildFile; fileRef = D1DDE92C243F45CB0023E789 /* ExchangeRatesViewController.swift */; };
		D1DDE934243F45CB0023E789 /* ExchangeRatesInteractor.swift in Sources */ = {isa = PBXBuildFile; fileRef = D1DDE92D243F45CB0023E789 /* ExchangeRatesInteractor.swift */; };
		D1DDE935243F45CB0023E789 /* ExchangeRatesViewController.xib in Resources */ = {isa = PBXBuildFile; fileRef = D1DDE92E243F45CB0023E789 /* ExchangeRatesViewController.xib */; };
		D1DDE93E243F4A7C0023E789 /* CurrencyRatesPresenter.swift in Sources */ = {isa = PBXBuildFile; fileRef = D1DDE937243F4A7C0023E789 /* CurrencyRatesPresenter.swift */; };
		D1DDE93F243F4A7C0023E789 /* CurrencyRatesWorker.swift in Sources */ = {isa = PBXBuildFile; fileRef = D1DDE938243F4A7C0023E789 /* CurrencyRatesWorker.swift */; };
		D1DDE940243F4A7C0023E789 /* CurrencyRatesRouter.swift in Sources */ = {isa = PBXBuildFile; fileRef = D1DDE939243F4A7C0023E789 /* CurrencyRatesRouter.swift */; };
		D1DDE941243F4A7C0023E789 /* CurrencyRatesModels.swift in Sources */ = {isa = PBXBuildFile; fileRef = D1DDE93A243F4A7C0023E789 /* CurrencyRatesModels.swift */; };
		D1DDE942243F4A7C0023E789 /* CurrencyRatesViewController.swift in Sources */ = {isa = PBXBuildFile; fileRef = D1DDE93B243F4A7C0023E789 /* CurrencyRatesViewController.swift */; };
		D1DDE943243F4A7C0023E789 /* CurrencyRatesInteractor.swift in Sources */ = {isa = PBXBuildFile; fileRef = D1DDE93C243F4A7C0023E789 /* CurrencyRatesInteractor.swift */; };
		D1DDE944243F4A7C0023E789 /* CurrencyRatesViewController.xib in Resources */ = {isa = PBXBuildFile; fileRef = D1DDE93D243F4A7C0023E789 /* CurrencyRatesViewController.xib */; };
		D1DDE94D243F4AD30023E789 /* CurrencySelectionPresenter.swift in Sources */ = {isa = PBXBuildFile; fileRef = D1DDE946243F4AD30023E789 /* CurrencySelectionPresenter.swift */; };
		D1DDE94E243F4AD30023E789 /* CurrencySelectionWorker.swift in Sources */ = {isa = PBXBuildFile; fileRef = D1DDE947243F4AD30023E789 /* CurrencySelectionWorker.swift */; };
		D1DDE94F243F4AD30023E789 /* CurrencySelectionRouter.swift in Sources */ = {isa = PBXBuildFile; fileRef = D1DDE948243F4AD30023E789 /* CurrencySelectionRouter.swift */; };
		D1DDE950243F4AD30023E789 /* CurrencySelectionModels.swift in Sources */ = {isa = PBXBuildFile; fileRef = D1DDE949243F4AD30023E789 /* CurrencySelectionModels.swift */; };
		D1DDE951243F4AD30023E789 /* CurrencySelectionViewController.swift in Sources */ = {isa = PBXBuildFile; fileRef = D1DDE94A243F4AD30023E789 /* CurrencySelectionViewController.swift */; };
		D1DDE952243F4AD30023E789 /* CurrencySelectionInteractor.swift in Sources */ = {isa = PBXBuildFile; fileRef = D1DDE94B243F4AD30023E789 /* CurrencySelectionInteractor.swift */; };
		D1DDE953243F4AD30023E789 /* CurrencySelectionViewController.xib in Resources */ = {isa = PBXBuildFile; fileRef = D1DDE94C243F4AD30023E789 /* CurrencySelectionViewController.xib */; };
		D1DDE955243F57110023E789 /* RealmExchangeRate.swift in Sources */ = {isa = PBXBuildFile; fileRef = D1DDE954243F57110023E789 /* RealmExchangeRate.swift */; };
		D1DDE959243F61490023E789 /* CurrencyPairTableViewCell.swift in Sources */ = {isa = PBXBuildFile; fileRef = D1DDE957243F61490023E789 /* CurrencyPairTableViewCell.swift */; };
		D1DDE95A243F61490023E789 /* CurrencyPairTableViewCell.xib in Resources */ = {isa = PBXBuildFile; fileRef = D1DDE958243F61490023E789 /* CurrencyPairTableViewCell.xib */; };
		D1EF9A29242394F400DD328C /* Router.swift in Sources */ = {isa = PBXBuildFile; fileRef = D1EF9A28242394F400DD328C /* Router.swift */; };
		D1FEFAD5243CB5EF004664C6 /* EmptyState.swift in Sources */ = {isa = PBXBuildFile; fileRef = D1FEFAD4243CB5EF004664C6 /* EmptyState.swift */; };
		D1FEFAD7243CB5FD004664C6 /* EmptyState.xib in Resources */ = {isa = PBXBuildFile; fileRef = D1FEFAD6243CB5FD004664C6 /* EmptyState.xib */; };
/* End PBXBuildFile section */

/* Begin PBXContainerItemProxy section */
		595FC0CD241FA40600B4EEE4 /* PBXContainerItemProxy */ = {
			isa = PBXContainerItemProxy;
			containerPortal = 595FC0AE241FA40400B4EEE4 /* Project object */;
			proxyType = 1;
			remoteGlobalIDString = 595FC0B5241FA40400B4EEE4;
			remoteInfo = "Currency Converter";
		};
/* End PBXContainerItemProxy section */

/* Begin PBXFileReference section */
		542A8D16B638C84491568462 /* Pods-Currency Converter.release.xcconfig */ = {isa = PBXFileReference; includeInIndex = 1; lastKnownFileType = text.xcconfig; name = "Pods-Currency Converter.release.xcconfig"; path = "Target Support Files/Pods-Currency Converter/Pods-Currency Converter.release.xcconfig"; sourceTree = "<group>"; };
		595FC0B6241FA40400B4EEE4 /* Currency Converter.app */ = {isa = PBXFileReference; explicitFileType = wrapper.application; includeInIndex = 0; path = "Currency Converter.app"; sourceTree = BUILT_PRODUCTS_DIR; };
		595FC0B9241FA40400B4EEE4 /* AppDelegate.swift */ = {isa = PBXFileReference; lastKnownFileType = sourcecode.swift; path = AppDelegate.swift; sourceTree = "<group>"; };
		595FC0BB241FA40400B4EEE4 /* SceneDelegate.swift */ = {isa = PBXFileReference; lastKnownFileType = sourcecode.swift; path = SceneDelegate.swift; sourceTree = "<group>"; };
		595FC0C0241FA40400B4EEE4 /* Base */ = {isa = PBXFileReference; lastKnownFileType = file.storyboard; name = Base; path = Base.lproj/Main.storyboard; sourceTree = "<group>"; };
		595FC0C2241FA40600B4EEE4 /* Assets.xcassets */ = {isa = PBXFileReference; lastKnownFileType = folder.assetcatalog; path = Assets.xcassets; sourceTree = "<group>"; };
		595FC0C5241FA40600B4EEE4 /* Base */ = {isa = PBXFileReference; lastKnownFileType = file.storyboard; name = Base; path = Base.lproj/LaunchScreen.storyboard; sourceTree = "<group>"; };
		595FC0C7241FA40600B4EEE4 /* Info.plist */ = {isa = PBXFileReference; lastKnownFileType = text.plist.xml; path = Info.plist; sourceTree = "<group>"; };
		595FC0CC241FA40600B4EEE4 /* Currency ConverterTests.xctest */ = {isa = PBXFileReference; explicitFileType = wrapper.cfbundle; includeInIndex = 0; path = "Currency ConverterTests.xctest"; sourceTree = BUILT_PRODUCTS_DIR; };
		595FC0D0241FA40600B4EEE4 /* Currency_ConverterTests.swift */ = {isa = PBXFileReference; lastKnownFileType = sourcecode.swift; path = Currency_ConverterTests.swift; sourceTree = "<group>"; };
		595FC0D2241FA40600B4EEE4 /* Info.plist */ = {isa = PBXFileReference; lastKnownFileType = text.plist.xml; path = Info.plist; sourceTree = "<group>"; };
		595FC0DC241FA72F00B4EEE4 /* R.generated.swift */ = {isa = PBXFileReference; fileEncoding = 4; lastKnownFileType = sourcecode.swift; path = R.generated.swift; sourceTree = "<group>"; };
		595FC0E1241FABDB00B4EEE4 /* ConverterPresenter.swift */ = {isa = PBXFileReference; lastKnownFileType = sourcecode.swift; path = ConverterPresenter.swift; sourceTree = "<group>"; };
		595FC0E2241FABDB00B4EEE4 /* ConverterWorker.swift */ = {isa = PBXFileReference; lastKnownFileType = sourcecode.swift; path = ConverterWorker.swift; sourceTree = "<group>"; };
		595FC0E3241FABDB00B4EEE4 /* ConverterRouter.swift */ = {isa = PBXFileReference; lastKnownFileType = sourcecode.swift; path = ConverterRouter.swift; sourceTree = "<group>"; };
		595FC0E4241FABDB00B4EEE4 /* ConverterModels.swift */ = {isa = PBXFileReference; lastKnownFileType = sourcecode.swift; path = ConverterModels.swift; sourceTree = "<group>"; };
		595FC0E5241FABDB00B4EEE4 /* ConverterViewController.swift */ = {isa = PBXFileReference; lastKnownFileType = sourcecode.swift; path = ConverterViewController.swift; sourceTree = "<group>"; };
		595FC0E6241FABDB00B4EEE4 /* ConverterInteractor.swift */ = {isa = PBXFileReference; lastKnownFileType = sourcecode.swift; path = ConverterInteractor.swift; sourceTree = "<group>"; };
		595FC0EF241FAC3600B4EEE4 /* Converter.storyboard */ = {isa = PBXFileReference; lastKnownFileType = file.storyboard; path = Converter.storyboard; sourceTree = "<group>"; };
		595FC0F2241FAD6D00B4EEE4 /* ExchangeView.swift */ = {isa = PBXFileReference; lastKnownFileType = sourcecode.swift; path = ExchangeView.swift; sourceTree = "<group>"; };
		595FC0F4241FAD7F00B4EEE4 /* ExchangeView.xib */ = {isa = PBXFileReference; lastKnownFileType = file.xib; path = ExchangeView.xib; sourceTree = "<group>"; };
		595FC0F8241FBDE700B4EEE4 /* ConverterView.xib */ = {isa = PBXFileReference; lastKnownFileType = file.xib; path = ConverterView.xib; sourceTree = "<group>"; };
		595FC0FA241FC56E00B4EEE4 /* ConverterView.swift */ = {isa = PBXFileReference; lastKnownFileType = sourcecode.swift; path = ConverterView.swift; sourceTree = "<group>"; };
		595FC0FD241FC9B500B4EEE4 /* ConverterCurrencyTableViewCell.swift */ = {isa = PBXFileReference; lastKnownFileType = sourcecode.swift; path = ConverterCurrencyTableViewCell.swift; sourceTree = "<group>"; };
		595FC0FE241FC9B500B4EEE4 /* ConverterCurrencyTableViewCell.xib */ = {isa = PBXFileReference; lastKnownFileType = file.xib; path = ConverterCurrencyTableViewCell.xib; sourceTree = "<group>"; };
		596811132420E8CE00426968 /* ChoicePresenter.swift */ = {isa = PBXFileReference; lastKnownFileType = sourcecode.swift; path = ChoicePresenter.swift; sourceTree = "<group>"; };
		596811142420E8CE00426968 /* ChoiceWorker.swift */ = {isa = PBXFileReference; lastKnownFileType = sourcecode.swift; path = ChoiceWorker.swift; sourceTree = "<group>"; };
		596811152420E8CE00426968 /* ChoiceRouter.swift */ = {isa = PBXFileReference; lastKnownFileType = sourcecode.swift; path = ChoiceRouter.swift; sourceTree = "<group>"; };
		596811162420E8CE00426968 /* ChoiceModels.swift */ = {isa = PBXFileReference; lastKnownFileType = sourcecode.swift; path = ChoiceModels.swift; sourceTree = "<group>"; };
		596811172420E8CE00426968 /* ChoiceViewController.swift */ = {isa = PBXFileReference; lastKnownFileType = sourcecode.swift; path = ChoiceViewController.swift; sourceTree = "<group>"; };
		596811182420E8CE00426968 /* ChoiceInteractor.swift */ = {isa = PBXFileReference; lastKnownFileType = sourcecode.swift; path = ChoiceInteractor.swift; sourceTree = "<group>"; };
		596811192420E8CE00426968 /* ChoiceViewController.xib */ = {isa = PBXFileReference; lastKnownFileType = file.xib; path = ChoiceViewController.xib; sourceTree = "<group>"; };
		596811222420FA6700426968 /* ChoiceCurrencyTableViewCell.swift */ = {isa = PBXFileReference; lastKnownFileType = sourcecode.swift; path = ChoiceCurrencyTableViewCell.swift; sourceTree = "<group>"; };
		596811232420FA6700426968 /* ChoiceCurrencyTableViewCell.xib */ = {isa = PBXFileReference; lastKnownFileType = file.xib; path = ChoiceCurrencyTableViewCell.xib; sourceTree = "<group>"; };
		75FE0F1A547DD08770B0C2D0 /* Pods-Currency Converter.debug.xcconfig */ = {isa = PBXFileReference; includeInIndex = 1; lastKnownFileType = text.xcconfig; name = "Pods-Currency Converter.debug.xcconfig"; path = "Target Support Files/Pods-Currency Converter/Pods-Currency Converter.debug.xcconfig"; sourceTree = "<group>"; };
		9A69F0144CE382400E931EEA /* Pods-Currency ConverterTests.debug.xcconfig */ = {isa = PBXFileReference; includeInIndex = 1; lastKnownFileType = text.xcconfig; name = "Pods-Currency ConverterTests.debug.xcconfig"; path = "Target Support Files/Pods-Currency ConverterTests/Pods-Currency ConverterTests.debug.xcconfig"; sourceTree = "<group>"; };
		9FDFD26C6F25AA25CE6D9B09 /* Pods-Currency ConverterTests.release.xcconfig */ = {isa = PBXFileReference; includeInIndex = 1; lastKnownFileType = text.xcconfig; name = "Pods-Currency ConverterTests.release.xcconfig"; path = "Target Support Files/Pods-Currency ConverterTests/Pods-Currency ConverterTests.release.xcconfig"; sourceTree = "<group>"; };
		C584C95896CE3637A9053C1B /* Pods_Currency_ConverterTests.framework */ = {isa = PBXFileReference; explicitFileType = wrapper.framework; includeInIndex = 0; path = Pods_Currency_ConverterTests.framework; sourceTree = BUILT_PRODUCTS_DIR; };
		D120C9E9242B4D3E00E6D78B /* NetworkManager.swift */ = {isa = PBXFileReference; lastKnownFileType = sourcecode.swift; path = NetworkManager.swift; sourceTree = "<group>"; };
		D16E45D72423C047005D99E9 /* currenciesNames.json */ = {isa = PBXFileReference; fileEncoding = 4; lastKnownFileType = text.json; path = currenciesNames.json; sourceTree = "<group>"; };
		D16E45D92423C2E6005D99E9 /* CurrencyInfo.swift */ = {isa = PBXFileReference; lastKnownFileType = sourcecode.swift; path = CurrencyInfo.swift; sourceTree = "<group>"; };
		D1863CB22440FF200011F215 /* ExchangeRatesHeader.swift */ = {isa = PBXFileReference; lastKnownFileType = sourcecode.swift; path = ExchangeRatesHeader.swift; sourceTree = "<group>"; };
		D18855492436080600476EB3 /* RealmStorageContext.swift */ = {isa = PBXFileReference; lastKnownFileType = sourcecode.swift; path = RealmStorageContext.swift; sourceTree = "<group>"; };
		D188554D2436085F00476EB3 /* StorageContext.swift */ = {isa = PBXFileReference; lastKnownFileType = sourcecode.swift; path = StorageContext.swift; sourceTree = "<group>"; };
		D188554F243608B500476EB3 /* RealmCurrency.swift */ = {isa = PBXFileReference; lastKnownFileType = sourcecode.swift; path = RealmCurrency.swift; sourceTree = "<group>"; };
		D18855512436090900476EB3 /* RealmStorageContext+Operations.swift */ = {isa = PBXFileReference; lastKnownFileType = sourcecode.swift; path = "RealmStorageContext+Operations.swift"; sourceTree = "<group>"; };
		D188555324362ACC00476EB3 /* CurrenciesInfoService.swift */ = {isa = PBXFileReference; lastKnownFileType = sourcecode.swift; path = CurrenciesInfoService.swift; sourceTree = "<group>"; };
		D19A9366242CF64000DDCEA9 /* FavoritePresenter.swift */ = {isa = PBXFileReference; lastKnownFileType = sourcecode.swift; path = FavoritePresenter.swift; sourceTree = "<group>"; };
		D19A9367242CF64000DDCEA9 /* FavoriteWorker.swift */ = {isa = PBXFileReference; lastKnownFileType = sourcecode.swift; path = FavoriteWorker.swift; sourceTree = "<group>"; };
		D19A9368242CF64000DDCEA9 /* FavoriteRouter.swift */ = {isa = PBXFileReference; lastKnownFileType = sourcecode.swift; path = FavoriteRouter.swift; sourceTree = "<group>"; };
		D19A9369242CF64000DDCEA9 /* FavoriteModels.swift */ = {isa = PBXFileReference; lastKnownFileType = sourcecode.swift; path = FavoriteModels.swift; sourceTree = "<group>"; };
		D19A936A242CF64000DDCEA9 /* FavoriteViewController.swift */ = {isa = PBXFileReference; lastKnownFileType = sourcecode.swift; path = FavoriteViewController.swift; sourceTree = "<group>"; };
		D19A936B242CF64000DDCEA9 /* FavoriteInteractor.swift */ = {isa = PBXFileReference; lastKnownFileType = sourcecode.swift; path = FavoriteInteractor.swift; sourceTree = "<group>"; };
		D19A936C242CF64000DDCEA9 /* FavoriteViewController.xib */ = {isa = PBXFileReference; lastKnownFileType = file.xib; path = FavoriteViewController.xib; sourceTree = "<group>"; };
		D19A9375242CFF6E00DDCEA9 /* FavoriteTableViewCell.swift */ = {isa = PBXFileReference; lastKnownFileType = sourcecode.swift; path = FavoriteTableViewCell.swift; sourceTree = "<group>"; };
		D19A9376242CFF6E00DDCEA9 /* FavoriteTableViewCell.xib */ = {isa = PBXFileReference; lastKnownFileType = file.xib; path = FavoriteTableViewCell.xib; sourceTree = "<group>"; };
		D19A937B242D0C5200DDCEA9 /* EndPointType.swift */ = {isa = PBXFileReference; lastKnownFileType = sourcecode.swift; path = EndPointType.swift; sourceTree = "<group>"; };
		D19A937D242D0CCC00DDCEA9 /* CurrencyLayerApi.swift */ = {isa = PBXFileReference; lastKnownFileType = sourcecode.swift; path = CurrencyLayerApi.swift; sourceTree = "<group>"; };
		D19A937F242D0E4E00DDCEA9 /* HTTPMethod.swift */ = {isa = PBXFileReference; lastKnownFileType = sourcecode.swift; path = HTTPMethod.swift; sourceTree = "<group>"; };
		D19A9381242D119400DDCEA9 /* HTTPTask.swift */ = {isa = PBXFileReference; lastKnownFileType = sourcecode.swift; path = HTTPTask.swift; sourceTree = "<group>"; };
		D19A9383242D143700DDCEA9 /* ParameterEncoding.swift */ = {isa = PBXFileReference; lastKnownFileType = sourcecode.swift; path = ParameterEncoding.swift; sourceTree = "<group>"; };
		D19A9385242D146C00DDCEA9 /* URLEncoding.swift */ = {isa = PBXFileReference; lastKnownFileType = sourcecode.swift; path = URLEncoding.swift; sourceTree = "<group>"; };
		D19A9387242D1BEC00DDCEA9 /* JSONParameterEncoder.swift */ = {isa = PBXFileReference; lastKnownFileType = sourcecode.swift; path = JSONParameterEncoder.swift; sourceTree = "<group>"; };
		D1CEB84024238E9F00988B53 /* Quote.swift */ = {isa = PBXFileReference; lastKnownFileType = sourcecode.swift; path = Quote.swift; sourceTree = "<group>"; };
		D1DDE928243F45CB0023E789 /* ExchangeRatesPresenter.swift */ = {isa = PBXFileReference; lastKnownFileType = sourcecode.swift; path = ExchangeRatesPresenter.swift; sourceTree = "<group>"; };
		D1DDE929243F45CB0023E789 /* ExchangeRatesWorker.swift */ = {isa = PBXFileReference; lastKnownFileType = sourcecode.swift; path = ExchangeRatesWorker.swift; sourceTree = "<group>"; };
		D1DDE92A243F45CB0023E789 /* ExchangeRatesRouter.swift */ = {isa = PBXFileReference; lastKnownFileType = sourcecode.swift; path = ExchangeRatesRouter.swift; sourceTree = "<group>"; };
		D1DDE92B243F45CB0023E789 /* ExchangeRatesModels.swift */ = {isa = PBXFileReference; lastKnownFileType = sourcecode.swift; path = ExchangeRatesModels.swift; sourceTree = "<group>"; };
		D1DDE92C243F45CB0023E789 /* ExchangeRatesViewController.swift */ = {isa = PBXFileReference; lastKnownFileType = sourcecode.swift; path = ExchangeRatesViewController.swift; sourceTree = "<group>"; };
		D1DDE92D243F45CB0023E789 /* ExchangeRatesInteractor.swift */ = {isa = PBXFileReference; lastKnownFileType = sourcecode.swift; path = ExchangeRatesInteractor.swift; sourceTree = "<group>"; };
		D1DDE92E243F45CB0023E789 /* ExchangeRatesViewController.xib */ = {isa = PBXFileReference; lastKnownFileType = file.xib; path = ExchangeRatesViewController.xib; sourceTree = "<group>"; };
		D1DDE937243F4A7C0023E789 /* CurrencyRatesPresenter.swift */ = {isa = PBXFileReference; lastKnownFileType = sourcecode.swift; path = CurrencyRatesPresenter.swift; sourceTree = "<group>"; };
		D1DDE938243F4A7C0023E789 /* CurrencyRatesWorker.swift */ = {isa = PBXFileReference; lastKnownFileType = sourcecode.swift; path = CurrencyRatesWorker.swift; sourceTree = "<group>"; };
		D1DDE939243F4A7C0023E789 /* CurrencyRatesRouter.swift */ = {isa = PBXFileReference; lastKnownFileType = sourcecode.swift; path = CurrencyRatesRouter.swift; sourceTree = "<group>"; };
		D1DDE93A243F4A7C0023E789 /* CurrencyRatesModels.swift */ = {isa = PBXFileReference; lastKnownFileType = sourcecode.swift; path = CurrencyRatesModels.swift; sourceTree = "<group>"; };
		D1DDE93B243F4A7C0023E789 /* CurrencyRatesViewController.swift */ = {isa = PBXFileReference; lastKnownFileType = sourcecode.swift; path = CurrencyRatesViewController.swift; sourceTree = "<group>"; };
		D1DDE93C243F4A7C0023E789 /* CurrencyRatesInteractor.swift */ = {isa = PBXFileReference; lastKnownFileType = sourcecode.swift; path = CurrencyRatesInteractor.swift; sourceTree = "<group>"; };
		D1DDE93D243F4A7C0023E789 /* CurrencyRatesViewController.xib */ = {isa = PBXFileReference; lastKnownFileType = file.xib; path = CurrencyRatesViewController.xib; sourceTree = "<group>"; };
		D1DDE946243F4AD30023E789 /* CurrencySelectionPresenter.swift */ = {isa = PBXFileReference; lastKnownFileType = sourcecode.swift; path = CurrencySelectionPresenter.swift; sourceTree = "<group>"; };
		D1DDE947243F4AD30023E789 /* CurrencySelectionWorker.swift */ = {isa = PBXFileReference; lastKnownFileType = sourcecode.swift; path = CurrencySelectionWorker.swift; sourceTree = "<group>"; };
		D1DDE948243F4AD30023E789 /* CurrencySelectionRouter.swift */ = {isa = PBXFileReference; lastKnownFileType = sourcecode.swift; path = CurrencySelectionRouter.swift; sourceTree = "<group>"; };
		D1DDE949243F4AD30023E789 /* CurrencySelectionModels.swift */ = {isa = PBXFileReference; lastKnownFileType = sourcecode.swift; path = CurrencySelectionModels.swift; sourceTree = "<group>"; };
		D1DDE94A243F4AD30023E789 /* CurrencySelectionViewController.swift */ = {isa = PBXFileReference; lastKnownFileType = sourcecode.swift; path = CurrencySelectionViewController.swift; sourceTree = "<group>"; };
		D1DDE94B243F4AD30023E789 /* CurrencySelectionInteractor.swift */ = {isa = PBXFileReference; lastKnownFileType = sourcecode.swift; path = CurrencySelectionInteractor.swift; sourceTree = "<group>"; };
		D1DDE94C243F4AD30023E789 /* CurrencySelectionViewController.xib */ = {isa = PBXFileReference; lastKnownFileType = file.xib; path = CurrencySelectionViewController.xib; sourceTree = "<group>"; };
		D1DDE954243F57110023E789 /* RealmExchangeRate.swift */ = {isa = PBXFileReference; lastKnownFileType = sourcecode.swift; path = RealmExchangeRate.swift; sourceTree = "<group>"; };
		D1DDE957243F61490023E789 /* CurrencyPairTableViewCell.swift */ = {isa = PBXFileReference; lastKnownFileType = sourcecode.swift; path = CurrencyPairTableViewCell.swift; sourceTree = "<group>"; };
		D1DDE958243F61490023E789 /* CurrencyPairTableViewCell.xib */ = {isa = PBXFileReference; lastKnownFileType = file.xib; path = CurrencyPairTableViewCell.xib; sourceTree = "<group>"; };
		D1EF9A28242394F400DD328C /* Router.swift */ = {isa = PBXFileReference; lastKnownFileType = sourcecode.swift; path = Router.swift; sourceTree = "<group>"; };
		D1FEFAD4243CB5EF004664C6 /* EmptyState.swift */ = {isa = PBXFileReference; lastKnownFileType = sourcecode.swift; path = EmptyState.swift; sourceTree = "<group>"; };
		D1FEFAD6243CB5FD004664C6 /* EmptyState.xib */ = {isa = PBXFileReference; lastKnownFileType = file.xib; path = EmptyState.xib; sourceTree = "<group>"; };
		FC2699A85CC1508B48C6303D /* Pods_Currency_Converter.framework */ = {isa = PBXFileReference; explicitFileType = wrapper.framework; includeInIndex = 0; path = Pods_Currency_Converter.framework; sourceTree = BUILT_PRODUCTS_DIR; };
/* End PBXFileReference section */

/* Begin PBXFrameworksBuildPhase section */
		595FC0B3241FA40400B4EEE4 /* Frameworks */ = {
			isa = PBXFrameworksBuildPhase;
			buildActionMask = 2147483647;
			files = (
				7CC4451B72C84DE623FFD9CD /* Pods_Currency_Converter.framework in Frameworks */,
			);
			runOnlyForDeploymentPostprocessing = 0;
		};
		595FC0C9241FA40600B4EEE4 /* Frameworks */ = {
			isa = PBXFrameworksBuildPhase;
			buildActionMask = 2147483647;
			files = (
				A3E8168B007F8123B635C16B /* Pods_Currency_ConverterTests.framework in Frameworks */,
			);
			runOnlyForDeploymentPostprocessing = 0;
		};
/* End PBXFrameworksBuildPhase section */

/* Begin PBXGroup section */
		595FC0AD241FA40400B4EEE4 = {
			isa = PBXGroup;
			children = (
				D16E45D72423C047005D99E9 /* currenciesNames.json */,
				595FC0DC241FA72F00B4EEE4 /* R.generated.swift */,
				595FC0B8241FA40400B4EEE4 /* Currency Converter */,
				595FC0CF241FA40600B4EEE4 /* Currency ConverterTests */,
				595FC0B7241FA40400B4EEE4 /* Products */,
				BC4E34592E1250332CF277CB /* Pods */,
				D704C2949C2B98B5DF5215FB /* Frameworks */,
			);
			sourceTree = "<group>";
		};
		595FC0B7241FA40400B4EEE4 /* Products */ = {
			isa = PBXGroup;
			children = (
				595FC0B6241FA40400B4EEE4 /* Currency Converter.app */,
				595FC0CC241FA40600B4EEE4 /* Currency ConverterTests.xctest */,
			);
			name = Products;
			sourceTree = "<group>";
		};
		595FC0B8241FA40400B4EEE4 /* Currency Converter */ = {
			isa = PBXGroup;
			children = (
				D1CEB83C2423838800988B53 /* Service */,
				D1CEB83F24238B8400988B53 /* Model */,
				D1218DE6242CF404008D3449 /* Favorite */,
				596811122420E89C00426968 /* Choice currency */,
				595FC0E0241FABC700B4EEE4 /* Converter */,
				D1DDE927243F454F0023E789 /* ExchangeRates */,
				595FC0B9241FA40400B4EEE4 /* AppDelegate.swift */,
				595FC0BB241FA40400B4EEE4 /* SceneDelegate.swift */,
				595FC0BF241FA40400B4EEE4 /* Main.storyboard */,
				595FC0C2241FA40600B4EEE4 /* Assets.xcassets */,
				595FC0C4241FA40600B4EEE4 /* LaunchScreen.storyboard */,
				595FC0C7241FA40600B4EEE4 /* Info.plist */,
			);
			path = "Currency Converter";
			sourceTree = "<group>";
		};
		595FC0CF241FA40600B4EEE4 /* Currency ConverterTests */ = {
			isa = PBXGroup;
			children = (
				595FC0D0241FA40600B4EEE4 /* Currency_ConverterTests.swift */,
				595FC0D2241FA40600B4EEE4 /* Info.plist */,
			);
			path = "Currency ConverterTests";
			sourceTree = "<group>";
		};
		595FC0E0241FABC700B4EEE4 /* Converter */ = {
			isa = PBXGroup;
			children = (
				595FC0F1241FAC8800B4EEE4 /* Custom View */,
				595FC0E5241FABDB00B4EEE4 /* ConverterViewController.swift */,
				595FC0E6241FABDB00B4EEE4 /* ConverterInteractor.swift */,
				595FC0E1241FABDB00B4EEE4 /* ConverterPresenter.swift */,
				595FC0E2241FABDB00B4EEE4 /* ConverterWorker.swift */,
				595FC0E4241FABDB00B4EEE4 /* ConverterModels.swift */,
				595FC0E3241FABDB00B4EEE4 /* ConverterRouter.swift */,
				595FC0EF241FAC3600B4EEE4 /* Converter.storyboard */,
			);
			path = Converter;
			sourceTree = "<group>";
		};
		595FC0F1241FAC8800B4EEE4 /* Custom View */ = {
			isa = PBXGroup;
			children = (
				D1FEFAD3243CB5C3004664C6 /* Empty Table View */,
				595FC0FC241FC96F00B4EEE4 /* Table Cell */,
				595FC0F7241FBDC000B4EEE4 /* Converter */,
				595FC0F6241FBDB500B4EEE4 /* Exchange */,
			);
			path = "Custom View";
			sourceTree = "<group>";
		};
		595FC0F6241FBDB500B4EEE4 /* Exchange */ = {
			isa = PBXGroup;
			children = (
				595FC0F2241FAD6D00B4EEE4 /* ExchangeView.swift */,
				595FC0F4241FAD7F00B4EEE4 /* ExchangeView.xib */,
			);
			path = Exchange;
			sourceTree = "<group>";
		};
		595FC0F7241FBDC000B4EEE4 /* Converter */ = {
			isa = PBXGroup;
			children = (
				595FC0FA241FC56E00B4EEE4 /* ConverterView.swift */,
				595FC0F8241FBDE700B4EEE4 /* ConverterView.xib */,
			);
			path = Converter;
			sourceTree = "<group>";
		};
		595FC0FC241FC96F00B4EEE4 /* Table Cell */ = {
			isa = PBXGroup;
			children = (
				595FC0FD241FC9B500B4EEE4 /* ConverterCurrencyTableViewCell.swift */,
				595FC0FE241FC9B500B4EEE4 /* ConverterCurrencyTableViewCell.xib */,
			);
			path = "Table Cell";
			sourceTree = "<group>";
		};
		596811122420E89C00426968 /* Choice currency */ = {
			isa = PBXGroup;
			children = (
				596811212420FA3800426968 /* ChoiceCurrencyTableCell */,
				596811172420E8CE00426968 /* ChoiceViewController.swift */,
				596811182420E8CE00426968 /* ChoiceInteractor.swift */,
				596811132420E8CE00426968 /* ChoicePresenter.swift */,
				596811142420E8CE00426968 /* ChoiceWorker.swift */,
				596811162420E8CE00426968 /* ChoiceModels.swift */,
				596811152420E8CE00426968 /* ChoiceRouter.swift */,
				596811192420E8CE00426968 /* ChoiceViewController.xib */,
			);
			path = "Choice currency";
			sourceTree = "<group>";
		};
		596811212420FA3800426968 /* ChoiceCurrencyTableCell */ = {
			isa = PBXGroup;
			children = (
				596811222420FA6700426968 /* ChoiceCurrencyTableViewCell.swift */,
				596811232420FA6700426968 /* ChoiceCurrencyTableViewCell.xib */,
			);
			path = ChoiceCurrencyTableCell;
			sourceTree = "<group>";
		};
		BC4E34592E1250332CF277CB /* Pods */ = {
			isa = PBXGroup;
			children = (
				75FE0F1A547DD08770B0C2D0 /* Pods-Currency Converter.debug.xcconfig */,
				542A8D16B638C84491568462 /* Pods-Currency Converter.release.xcconfig */,
				9A69F0144CE382400E931EEA /* Pods-Currency ConverterTests.debug.xcconfig */,
				9FDFD26C6F25AA25CE6D9B09 /* Pods-Currency ConverterTests.release.xcconfig */,
			);
			path = Pods;
			sourceTree = "<group>";
		};
		D1218DE6242CF404008D3449 /* Favorite */ = {
			isa = PBXGroup;
			children = (
				D19A9374242CFF4400DDCEA9 /* FavoriteTableCell */,
				D19A936A242CF64000DDCEA9 /* FavoriteViewController.swift */,
				D19A936B242CF64000DDCEA9 /* FavoriteInteractor.swift */,
				D19A9366242CF64000DDCEA9 /* FavoritePresenter.swift */,
				D19A9367242CF64000DDCEA9 /* FavoriteWorker.swift */,
				D19A9369242CF64000DDCEA9 /* FavoriteModels.swift */,
				D19A9368242CF64000DDCEA9 /* FavoriteRouter.swift */,
				D19A936C242CF64000DDCEA9 /* FavoriteViewController.xib */,
			);
			path = Favorite;
			sourceTree = "<group>";
		};
		D1863CB12440FEC50011F215 /* Exchange Rates Table Header */ = {
			isa = PBXGroup;
			children = (
				D1863CB22440FF200011F215 /* ExchangeRatesHeader.swift */,
			);
			path = "Exchange Rates Table Header";
			sourceTree = "<group>";
		};
		D188554B2436081100476EB3 /* Realm */ = {
			isa = PBXGroup;
			children = (
				D18855492436080600476EB3 /* RealmStorageContext.swift */,
				D18855512436090900476EB3 /* RealmStorageContext+Operations.swift */,
			);
			path = Realm;
			sourceTree = "<group>";
		};
		D188554C2436081F00476EB3 /* Entities */ = {
			isa = PBXGroup;
			children = (
				D188554F243608B500476EB3 /* RealmCurrency.swift */,
				D1DDE954243F57110023E789 /* RealmExchangeRate.swift */,
			);
			path = Entities;
			sourceTree = "<group>";
		};
		D19A9374242CFF4400DDCEA9 /* FavoriteTableCell */ = {
			isa = PBXGroup;
			children = (
				D19A9375242CFF6E00DDCEA9 /* FavoriteTableViewCell.swift */,
				D19A9376242CFF6E00DDCEA9 /* FavoriteTableViewCell.xib */,
			);
			path = FavoriteTableCell;
			sourceTree = "<group>";
		};
		D19A9389242D1C8D00DDCEA9 /* Encoding */ = {
			isa = PBXGroup;
			children = (
				D19A9383242D143700DDCEA9 /* ParameterEncoding.swift */,
				D19A9387242D1BEC00DDCEA9 /* JSONParameterEncoder.swift */,
				D19A9385242D146C00DDCEA9 /* URLEncoding.swift */,
			);
			path = Encoding;
			sourceTree = "<group>";
		};
		D1CEB83C2423838800988B53 /* Service */ = {
			isa = PBXGroup;
			children = (
				D188555324362ACC00476EB3 /* CurrenciesInfoService.swift */,
				D1DC8E872434AA39008FCE50 /* Data Base */,
				D1DC8E862434AA22008FCE50 /* Networking */,
			);
			path = Service;
			sourceTree = "<group>";
		};
		D1CEB83F24238B8400988B53 /* Model */ = {
			isa = PBXGroup;
			children = (
				D1CEB84024238E9F00988B53 /* Quote.swift */,
				D16E45D92423C2E6005D99E9 /* CurrencyInfo.swift */,
			);
			path = Model;
			sourceTree = "<group>";
		};
		D1DC8E862434AA22008FCE50 /* Networking */ = {
			isa = PBXGroup;
			children = (
				D1EF9A28242394F400DD328C /* Router.swift */,
				D120C9E9242B4D3E00E6D78B /* NetworkManager.swift */,
				D19A937D242D0CCC00DDCEA9 /* CurrencyLayerApi.swift */,
				D19A937B242D0C5200DDCEA9 /* EndPointType.swift */,
				D19A9381242D119400DDCEA9 /* HTTPTask.swift */,
				D19A937F242D0E4E00DDCEA9 /* HTTPMethod.swift */,
				D19A9389242D1C8D00DDCEA9 /* Encoding */,
			);
			path = Networking;
			sourceTree = "<group>";
		};
		D1DC8E872434AA39008FCE50 /* Data Base */ = {
			isa = PBXGroup;
			children = (
				D188554C2436081F00476EB3 /* Entities */,
				D188554B2436081100476EB3 /* Realm */,
				D188554D2436085F00476EB3 /* StorageContext.swift */,
			);
			path = "Data Base";
			sourceTree = "<group>";
		};
		D1DDE927243F454F0023E789 /* ExchangeRates */ = {
			isa = PBXGroup;
			children = (
				D1863CB12440FEC50011F215 /* Exchange Rates Table Header */,
				D1DDE945243F4AB60023E789 /* CurrencySelection */,
				D1DDE936243F4A550023E789 /* CurrencyRates */,
				D1DDE92C243F45CB0023E789 /* ExchangeRatesViewController.swift */,
				D1DDE92D243F45CB0023E789 /* ExchangeRatesInteractor.swift */,
				D1DDE928243F45CB0023E789 /* ExchangeRatesPresenter.swift */,
				D1DDE929243F45CB0023E789 /* ExchangeRatesWorker.swift */,
				D1DDE92B243F45CB0023E789 /* ExchangeRatesModels.swift */,
				D1DDE92A243F45CB0023E789 /* ExchangeRatesRouter.swift */,
				D1DDE92E243F45CB0023E789 /* ExchangeRatesViewController.xib */,
			);
			path = ExchangeRates;
			sourceTree = "<group>";
		};
		D1DDE936243F4A550023E789 /* CurrencyRates */ = {
			isa = PBXGroup;
			children = (
				D1DDE93B243F4A7C0023E789 /* CurrencyRatesViewController.swift */,
				D1DDE93C243F4A7C0023E789 /* CurrencyRatesInteractor.swift */,
				D1DDE937243F4A7C0023E789 /* CurrencyRatesPresenter.swift */,
				D1DDE938243F4A7C0023E789 /* CurrencyRatesWorker.swift */,
				D1DDE93A243F4A7C0023E789 /* CurrencyRatesModels.swift */,
				D1DDE939243F4A7C0023E789 /* CurrencyRatesRouter.swift */,
				D1DDE93D243F4A7C0023E789 /* CurrencyRatesViewController.xib */,
			);
			path = CurrencyRates;
			sourceTree = "<group>";
		};
		D1DDE945243F4AB60023E789 /* CurrencySelection */ = {
			isa = PBXGroup;
			children = (
				D1DDE956243F61040023E789 /* Table Cell */,
				D1DDE94A243F4AD30023E789 /* CurrencySelectionViewController.swift */,
				D1DDE94B243F4AD30023E789 /* CurrencySelectionInteractor.swift */,
				D1DDE946243F4AD30023E789 /* CurrencySelectionPresenter.swift */,
				D1DDE947243F4AD30023E789 /* CurrencySelectionWorker.swift */,
				D1DDE949243F4AD30023E789 /* CurrencySelectionModels.swift */,
				D1DDE948243F4AD30023E789 /* CurrencySelectionRouter.swift */,
				D1DDE94C243F4AD30023E789 /* CurrencySelectionViewController.xib */,
			);
			path = CurrencySelection;
			sourceTree = "<group>";
		};
		D1DDE956243F61040023E789 /* Table Cell */ = {
			isa = PBXGroup;
			children = (
				D1DDE957243F61490023E789 /* CurrencyPairTableViewCell.swift */,
				D1DDE958243F61490023E789 /* CurrencyPairTableViewCell.xib */,
			);
			path = "Table Cell";
			sourceTree = "<group>";
		};
		D1FEFAD3243CB5C3004664C6 /* Empty Table View */ = {
			isa = PBXGroup;
			children = (
				D1FEFAD4243CB5EF004664C6 /* EmptyState.swift */,
				D1FEFAD6243CB5FD004664C6 /* EmptyState.xib */,
			);
			path = "Empty Table View";
			sourceTree = "<group>";
		};
		D704C2949C2B98B5DF5215FB /* Frameworks */ = {
			isa = PBXGroup;
			children = (
				FC2699A85CC1508B48C6303D /* Pods_Currency_Converter.framework */,
				C584C95896CE3637A9053C1B /* Pods_Currency_ConverterTests.framework */,
			);
			name = Frameworks;
			sourceTree = "<group>";
		};
/* End PBXGroup section */

/* Begin PBXNativeTarget section */
		595FC0B5241FA40400B4EEE4 /* Currency Converter */ = {
			isa = PBXNativeTarget;
			buildConfigurationList = 595FC0D5241FA40600B4EEE4 /* Build configuration list for PBXNativeTarget "Currency Converter" */;
			buildPhases = (
				6CBE08F7451CFE1F4AFC0C79 /* [CP] Check Pods Manifest.lock */,
				595FC0DB241FA6C100B4EEE4 /* R.swift */,
				595FC0B2241FA40400B4EEE4 /* Sources */,
				595FC0B3241FA40400B4EEE4 /* Frameworks */,
				595FC0B4241FA40400B4EEE4 /* Resources */,
				3E1C35F3D96469F0F1726099 /* [CP] Embed Pods Frameworks */,
			);
			buildRules = (
			);
			dependencies = (
			);
			name = "Currency Converter";
			productName = "Currency Converter";
			productReference = 595FC0B6241FA40400B4EEE4 /* Currency Converter.app */;
			productType = "com.apple.product-type.application";
		};
		595FC0CB241FA40600B4EEE4 /* Currency ConverterTests */ = {
			isa = PBXNativeTarget;
			buildConfigurationList = 595FC0D8241FA40600B4EEE4 /* Build configuration list for PBXNativeTarget "Currency ConverterTests" */;
			buildPhases = (
				5B68B3FB2E2C176555552B70 /* [CP] Check Pods Manifest.lock */,
				595FC0C8241FA40600B4EEE4 /* Sources */,
				595FC0C9241FA40600B4EEE4 /* Frameworks */,
				595FC0CA241FA40600B4EEE4 /* Resources */,
			);
			buildRules = (
			);
			dependencies = (
				595FC0CE241FA40600B4EEE4 /* PBXTargetDependency */,
			);
			name = "Currency ConverterTests";
			productName = "Currency ConverterTests";
			productReference = 595FC0CC241FA40600B4EEE4 /* Currency ConverterTests.xctest */;
			productType = "com.apple.product-type.bundle.unit-test";
		};
/* End PBXNativeTarget section */

/* Begin PBXProject section */
		595FC0AE241FA40400B4EEE4 /* Project object */ = {
			isa = PBXProject;
			attributes = {
				LastSwiftUpdateCheck = 1130;
				LastUpgradeCheck = 1130;
				ORGANIZATIONNAME = "Kiryl Klimiankou";
				TargetAttributes = {
					595FC0B5241FA40400B4EEE4 = {
						CreatedOnToolsVersion = 11.3.1;
					};
					595FC0CB241FA40600B4EEE4 = {
						CreatedOnToolsVersion = 11.3.1;
						TestTargetID = 595FC0B5241FA40400B4EEE4;
					};
				};
			};
			buildConfigurationList = 595FC0B1241FA40400B4EEE4 /* Build configuration list for PBXProject "Currency Converter" */;
			compatibilityVersion = "Xcode 9.3";
			developmentRegion = en;
			hasScannedForEncodings = 0;
			knownRegions = (
				en,
				Base,
			);
			mainGroup = 595FC0AD241FA40400B4EEE4;
			productRefGroup = 595FC0B7241FA40400B4EEE4 /* Products */;
			projectDirPath = "";
			projectRoot = "";
			targets = (
				595FC0B5241FA40400B4EEE4 /* Currency Converter */,
				595FC0CB241FA40600B4EEE4 /* Currency ConverterTests */,
			);
		};
/* End PBXProject section */

/* Begin PBXResourcesBuildPhase section */
		595FC0B4241FA40400B4EEE4 /* Resources */ = {
			isa = PBXResourcesBuildPhase;
			buildActionMask = 2147483647;
			files = (
				595FC0F5241FAD7F00B4EEE4 /* ExchangeView.xib in Resources */,
				D1FEFAD7243CB5FD004664C6 /* EmptyState.xib in Resources */,
				595FC0C6241FA40600B4EEE4 /* LaunchScreen.storyboard in Resources */,
				D1DDE95A243F61490023E789 /* CurrencyPairTableViewCell.xib in Resources */,
				595FC0C3241FA40600B4EEE4 /* Assets.xcassets in Resources */,
				D1DDE953243F4AD30023E789 /* CurrencySelectionViewController.xib in Resources */,
				596811202420E8CE00426968 /* ChoiceViewController.xib in Resources */,
				D1DDE944243F4A7C0023E789 /* CurrencyRatesViewController.xib in Resources */,
				595FC0C1241FA40400B4EEE4 /* Main.storyboard in Resources */,
				D19A9378242CFF6E00DDCEA9 /* FavoriteTableViewCell.xib in Resources */,
				595FC0F9241FBDE700B4EEE4 /* ConverterView.xib in Resources */,
				595FC100241FC9B500B4EEE4 /* ConverterCurrencyTableViewCell.xib in Resources */,
				D19A9373242CF64000DDCEA9 /* FavoriteViewController.xib in Resources */,
				596811252420FA6700426968 /* ChoiceCurrencyTableViewCell.xib in Resources */,
				D1DDE935243F45CB0023E789 /* ExchangeRatesViewController.xib in Resources */,
				595FC0F0241FAC3600B4EEE4 /* Converter.storyboard in Resources */,
				D16E45D82423C048005D99E9 /* currenciesNames.json in Resources */,
			);
			runOnlyForDeploymentPostprocessing = 0;
		};
		595FC0CA241FA40600B4EEE4 /* Resources */ = {
			isa = PBXResourcesBuildPhase;
			buildActionMask = 2147483647;
			files = (
			);
			runOnlyForDeploymentPostprocessing = 0;
		};
/* End PBXResourcesBuildPhase section */

/* Begin PBXShellScriptBuildPhase section */
		3E1C35F3D96469F0F1726099 /* [CP] Embed Pods Frameworks */ = {
			isa = PBXShellScriptBuildPhase;
			buildActionMask = 2147483647;
			files = (
			);
			inputFileListPaths = (
				"${PODS_ROOT}/Target Support Files/Pods-Currency Converter/Pods-Currency Converter-frameworks-${CONFIGURATION}-input-files.xcfilelist",
			);
			name = "[CP] Embed Pods Frameworks";
			outputFileListPaths = (
				"${PODS_ROOT}/Target Support Files/Pods-Currency Converter/Pods-Currency Converter-frameworks-${CONFIGURATION}-output-files.xcfilelist",
			);
			runOnlyForDeploymentPostprocessing = 0;
			shellPath = /bin/sh;
			shellScript = "\"${PODS_ROOT}/Target Support Files/Pods-Currency Converter/Pods-Currency Converter-frameworks.sh\"\n";
			showEnvVarsInLog = 0;
		};
		595FC0DB241FA6C100B4EEE4 /* R.swift */ = {
			isa = PBXShellScriptBuildPhase;
			buildActionMask = 2147483647;
			files = (
			);
			inputFileListPaths = (
			);
			inputPaths = (
				"$TEMP_DIR/rswift-lastrun",
			);
			name = R.swift;
			outputFileListPaths = (
			);
			outputPaths = (
				$SRCROOT/R.generated.swift,
			);
			runOnlyForDeploymentPostprocessing = 0;
			shellPath = /bin/sh;
			shellScript = "# Type a script or drag a script file from your workspace to insert its path.\n\"$PODS_ROOT/R.swift/rswift\" generate \"$SRCROOT/R.generated.swift\"\n";
		};
		5B68B3FB2E2C176555552B70 /* [CP] Check Pods Manifest.lock */ = {
			isa = PBXShellScriptBuildPhase;
			buildActionMask = 2147483647;
			files = (
			);
			inputFileListPaths = (
			);
			inputPaths = (
				"${PODS_PODFILE_DIR_PATH}/Podfile.lock",
				"${PODS_ROOT}/Manifest.lock",
			);
			name = "[CP] Check Pods Manifest.lock";
			outputFileListPaths = (
			);
			outputPaths = (
				"$(DERIVED_FILE_DIR)/Pods-Currency ConverterTests-checkManifestLockResult.txt",
			);
			runOnlyForDeploymentPostprocessing = 0;
			shellPath = /bin/sh;
			shellScript = "diff \"${PODS_PODFILE_DIR_PATH}/Podfile.lock\" \"${PODS_ROOT}/Manifest.lock\" > /dev/null\nif [ $? != 0 ] ; then\n    # print error to STDERR\n    echo \"error: The sandbox is not in sync with the Podfile.lock. Run 'pod install' or update your CocoaPods installation.\" >&2\n    exit 1\nfi\n# This output is used by Xcode 'outputs' to avoid re-running this script phase.\necho \"SUCCESS\" > \"${SCRIPT_OUTPUT_FILE_0}\"\n";
			showEnvVarsInLog = 0;
		};
		6CBE08F7451CFE1F4AFC0C79 /* [CP] Check Pods Manifest.lock */ = {
			isa = PBXShellScriptBuildPhase;
			buildActionMask = 2147483647;
			files = (
			);
			inputFileListPaths = (
			);
			inputPaths = (
				"${PODS_PODFILE_DIR_PATH}/Podfile.lock",
				"${PODS_ROOT}/Manifest.lock",
			);
			name = "[CP] Check Pods Manifest.lock";
			outputFileListPaths = (
			);
			outputPaths = (
				"$(DERIVED_FILE_DIR)/Pods-Currency Converter-checkManifestLockResult.txt",
			);
			runOnlyForDeploymentPostprocessing = 0;
			shellPath = /bin/sh;
			shellScript = "diff \"${PODS_PODFILE_DIR_PATH}/Podfile.lock\" \"${PODS_ROOT}/Manifest.lock\" > /dev/null\nif [ $? != 0 ] ; then\n    # print error to STDERR\n    echo \"error: The sandbox is not in sync with the Podfile.lock. Run 'pod install' or update your CocoaPods installation.\" >&2\n    exit 1\nfi\n# This output is used by Xcode 'outputs' to avoid re-running this script phase.\necho \"SUCCESS\" > \"${SCRIPT_OUTPUT_FILE_0}\"\n";
			showEnvVarsInLog = 0;
		};
/* End PBXShellScriptBuildPhase section */

/* Begin PBXSourcesBuildPhase section */
		595FC0B2241FA40400B4EEE4 /* Sources */ = {
			isa = PBXSourcesBuildPhase;
			buildActionMask = 2147483647;
			files = (
				D1DDE950243F4AD30023E789 /* CurrencySelectionModels.swift in Sources */,
				D19A9386242D146C00DDCEA9 /* URLEncoding.swift in Sources */,
				D120C9EA242B4D3E00E6D78B /* NetworkManager.swift in Sources */,
				D188554E2436085F00476EB3 /* StorageContext.swift in Sources */,
				D1DDE934243F45CB0023E789 /* ExchangeRatesInteractor.swift in Sources */,
				D1EF9A29242394F400DD328C /* Router.swift in Sources */,
				D19A936D242CF64000DDCEA9 /* FavoritePresenter.swift in Sources */,
				D1DDE941243F4A7C0023E789 /* CurrencyRatesModels.swift in Sources */,
				D16E45DA2423C2E6005D99E9 /* CurrencyInfo.swift in Sources */,
				D19A9384242D143700DDCEA9 /* ParameterEncoding.swift in Sources */,
				D1DDE933243F45CB0023E789 /* ExchangeRatesViewController.swift in Sources */,
				5968111B2420E8CE00426968 /* ChoiceWorker.swift in Sources */,
				D19A937C242D0C5200DDCEA9 /* EndPointType.swift in Sources */,
				596811242420FA6700426968 /* ChoiceCurrencyTableViewCell.swift in Sources */,
				D19A937E242D0CCC00DDCEA9 /* CurrencyLayerApi.swift in Sources */,
				595FC0F3241FAD6D00B4EEE4 /* ExchangeView.swift in Sources */,
				595FC0E9241FABDB00B4EEE4 /* ConverterWorker.swift in Sources */,
				D1DDE943243F4A7C0023E789 /* CurrencyRatesInteractor.swift in Sources */,
				D1FEFAD5243CB5EF004664C6 /* EmptyState.swift in Sources */,
				595FC0FB241FC56E00B4EEE4 /* ConverterView.swift in Sources */,
				D1DDE955243F57110023E789 /* RealmExchangeRate.swift in Sources */,
				D1DDE93F243F4A7C0023E789 /* CurrencyRatesWorker.swift in Sources */,
				D19A9382242D119500DDCEA9 /* HTTPTask.swift in Sources */,
				D1DDE940243F4A7C0023E789 /* CurrencyRatesRouter.swift in Sources */,
				5968111C2420E8CE00426968 /* ChoiceRouter.swift in Sources */,
				5968111A2420E8CE00426968 /* ChoicePresenter.swift in Sources */,
				D1DDE94D243F4AD30023E789 /* CurrencySelectionPresenter.swift in Sources */,
				D19A9388242D1BEC00DDCEA9 /* JSONParameterEncoder.swift in Sources */,
				D1885550243608B500476EB3 /* RealmCurrency.swift in Sources */,
				595FC0ED241FABDB00B4EEE4 /* ConverterInteractor.swift in Sources */,
				595FC0E8241FABDB00B4EEE4 /* ConverterPresenter.swift in Sources */,
				D1863CB32440FF200011F215 /* ExchangeRatesHeader.swift in Sources */,
				595FC0BA241FA40400B4EEE4 /* AppDelegate.swift in Sources */,
				D19A9377242CFF6E00DDCEA9 /* FavoriteTableViewCell.swift in Sources */,
				595FC0EB241FABDB00B4EEE4 /* ConverterModels.swift in Sources */,
				D1CEB84124238E9F00988B53 /* Quote.swift in Sources */,
				D18855522436090900476EB3 /* RealmStorageContext+Operations.swift in Sources */,
				D19A936E242CF64000DDCEA9 /* FavoriteWorker.swift in Sources */,
				D1DDE94E243F4AD30023E789 /* CurrencySelectionWorker.swift in Sources */,
				D1DDE94F243F4AD30023E789 /* CurrencySelectionRouter.swift in Sources */,
				D19A9371242CF64000DDCEA9 /* FavoriteViewController.swift in Sources */,
				D1DDE952243F4AD30023E789 /* CurrencySelectionInteractor.swift in Sources */,
				D1DDE92F243F45CB0023E789 /* ExchangeRatesPresenter.swift in Sources */,
				D188555424362ACC00476EB3 /* CurrenciesInfoService.swift in Sources */,
				D1DDE931243F45CB0023E789 /* ExchangeRatesRouter.swift in Sources */,
				D19A9380242D0E4E00DDCEA9 /* HTTPMethod.swift in Sources */,
				D1DDE93E243F4A7C0023E789 /* CurrencyRatesPresenter.swift in Sources */,
				595FC0BC241FA40400B4EEE4 /* SceneDelegate.swift in Sources */,
				D188554A2436080600476EB3 /* RealmStorageContext.swift in Sources */,
				5968111F2420E8CE00426968 /* ChoiceInteractor.swift in Sources */,
				595FC0DD241FA72F00B4EEE4 /* R.generated.swift in Sources */,
				5968111D2420E8CE00426968 /* ChoiceModels.swift in Sources */,
				595FC0FF241FC9B500B4EEE4 /* ConverterCurrencyTableViewCell.swift in Sources */,
				D1DDE930243F45CB0023E789 /* ExchangeRatesWorker.swift in Sources */,
				D1DDE959243F61490023E789 /* CurrencyPairTableViewCell.swift in Sources */,
				D19A9370242CF64000DDCEA9 /* FavoriteModels.swift in Sources */,
				D19A936F242CF64000DDCEA9 /* FavoriteRouter.swift in Sources */,
				D19A9372242CF64000DDCEA9 /* FavoriteInteractor.swift in Sources */,
				D1DDE932243F45CB0023E789 /* ExchangeRatesModels.swift in Sources */,
				595FC0EA241FABDB00B4EEE4 /* ConverterRouter.swift in Sources */,
				D1DDE951243F4AD30023E789 /* CurrencySelectionViewController.swift in Sources */,
				D1DDE942243F4A7C0023E789 /* CurrencyRatesViewController.swift in Sources */,
				595FC0EC241FABDB00B4EEE4 /* ConverterViewController.swift in Sources */,
				5968111E2420E8CE00426968 /* ChoiceViewController.swift in Sources */,
			);
			runOnlyForDeploymentPostprocessing = 0;
		};
		595FC0C8241FA40600B4EEE4 /* Sources */ = {
			isa = PBXSourcesBuildPhase;
			buildActionMask = 2147483647;
			files = (
				595FC0D1241FA40600B4EEE4 /* Currency_ConverterTests.swift in Sources */,
			);
			runOnlyForDeploymentPostprocessing = 0;
		};
/* End PBXSourcesBuildPhase section */

/* Begin PBXTargetDependency section */
		595FC0CE241FA40600B4EEE4 /* PBXTargetDependency */ = {
			isa = PBXTargetDependency;
			target = 595FC0B5241FA40400B4EEE4 /* Currency Converter */;
			targetProxy = 595FC0CD241FA40600B4EEE4 /* PBXContainerItemProxy */;
		};
/* End PBXTargetDependency section */

/* Begin PBXVariantGroup section */
		595FC0BF241FA40400B4EEE4 /* Main.storyboard */ = {
			isa = PBXVariantGroup;
			children = (
				595FC0C0241FA40400B4EEE4 /* Base */,
			);
			name = Main.storyboard;
			sourceTree = "<group>";
		};
		595FC0C4241FA40600B4EEE4 /* LaunchScreen.storyboard */ = {
			isa = PBXVariantGroup;
			children = (
				595FC0C5241FA40600B4EEE4 /* Base */,
			);
			name = LaunchScreen.storyboard;
			sourceTree = "<group>";
		};
/* End PBXVariantGroup section */

/* Begin XCBuildConfiguration section */
		595FC0D3241FA40600B4EEE4 /* Debug */ = {
			isa = XCBuildConfiguration;
			buildSettings = {
				ALWAYS_SEARCH_USER_PATHS = NO;
				CLANG_ANALYZER_NONNULL = YES;
				CLANG_ANALYZER_NUMBER_OBJECT_CONVERSION = YES_AGGRESSIVE;
				CLANG_CXX_LANGUAGE_STANDARD = "gnu++14";
				CLANG_CXX_LIBRARY = "libc++";
				CLANG_ENABLE_MODULES = YES;
				CLANG_ENABLE_OBJC_ARC = YES;
				CLANG_ENABLE_OBJC_WEAK = YES;
				CLANG_WARN_BLOCK_CAPTURE_AUTORELEASING = YES;
				CLANG_WARN_BOOL_CONVERSION = YES;
				CLANG_WARN_COMMA = YES;
				CLANG_WARN_CONSTANT_CONVERSION = YES;
				CLANG_WARN_DEPRECATED_OBJC_IMPLEMENTATIONS = YES;
				CLANG_WARN_DIRECT_OBJC_ISA_USAGE = YES_ERROR;
				CLANG_WARN_DOCUMENTATION_COMMENTS = YES;
				CLANG_WARN_EMPTY_BODY = YES;
				CLANG_WARN_ENUM_CONVERSION = YES;
				CLANG_WARN_INFINITE_RECURSION = YES;
				CLANG_WARN_INT_CONVERSION = YES;
				CLANG_WARN_NON_LITERAL_NULL_CONVERSION = YES;
				CLANG_WARN_OBJC_IMPLICIT_RETAIN_SELF = YES;
				CLANG_WARN_OBJC_LITERAL_CONVERSION = YES;
				CLANG_WARN_OBJC_ROOT_CLASS = YES_ERROR;
				CLANG_WARN_RANGE_LOOP_ANALYSIS = YES;
				CLANG_WARN_STRICT_PROTOTYPES = YES;
				CLANG_WARN_SUSPICIOUS_MOVE = YES;
				CLANG_WARN_UNGUARDED_AVAILABILITY = YES_AGGRESSIVE;
				CLANG_WARN_UNREACHABLE_CODE = YES;
				CLANG_WARN__DUPLICATE_METHOD_MATCH = YES;
				COPY_PHASE_STRIP = NO;
				DEBUG_INFORMATION_FORMAT = dwarf;
				ENABLE_STRICT_OBJC_MSGSEND = YES;
				ENABLE_TESTABILITY = YES;
				GCC_C_LANGUAGE_STANDARD = gnu11;
				GCC_DYNAMIC_NO_PIC = NO;
				GCC_NO_COMMON_BLOCKS = YES;
				GCC_OPTIMIZATION_LEVEL = 0;
				GCC_PREPROCESSOR_DEFINITIONS = (
					"DEBUG=1",
					"$(inherited)",
				);
				GCC_WARN_64_TO_32_BIT_CONVERSION = YES;
				GCC_WARN_ABOUT_RETURN_TYPE = YES_ERROR;
				GCC_WARN_UNDECLARED_SELECTOR = YES;
				GCC_WARN_UNINITIALIZED_AUTOS = YES_AGGRESSIVE;
				GCC_WARN_UNUSED_FUNCTION = YES;
				GCC_WARN_UNUSED_VARIABLE = YES;
				IPHONEOS_DEPLOYMENT_TARGET = 13.2;
				MTL_ENABLE_DEBUG_INFO = INCLUDE_SOURCE;
				MTL_FAST_MATH = YES;
				ONLY_ACTIVE_ARCH = YES;
				SDKROOT = iphoneos;
				SWIFT_ACTIVE_COMPILATION_CONDITIONS = DEBUG;
				SWIFT_OPTIMIZATION_LEVEL = "-Onone";
			};
			name = Debug;
		};
		595FC0D4241FA40600B4EEE4 /* Release */ = {
			isa = XCBuildConfiguration;
			buildSettings = {
				ALWAYS_SEARCH_USER_PATHS = NO;
				CLANG_ANALYZER_NONNULL = YES;
				CLANG_ANALYZER_NUMBER_OBJECT_CONVERSION = YES_AGGRESSIVE;
				CLANG_CXX_LANGUAGE_STANDARD = "gnu++14";
				CLANG_CXX_LIBRARY = "libc++";
				CLANG_ENABLE_MODULES = YES;
				CLANG_ENABLE_OBJC_ARC = YES;
				CLANG_ENABLE_OBJC_WEAK = YES;
				CLANG_WARN_BLOCK_CAPTURE_AUTORELEASING = YES;
				CLANG_WARN_BOOL_CONVERSION = YES;
				CLANG_WARN_COMMA = YES;
				CLANG_WARN_CONSTANT_CONVERSION = YES;
				CLANG_WARN_DEPRECATED_OBJC_IMPLEMENTATIONS = YES;
				CLANG_WARN_DIRECT_OBJC_ISA_USAGE = YES_ERROR;
				CLANG_WARN_DOCUMENTATION_COMMENTS = YES;
				CLANG_WARN_EMPTY_BODY = YES;
				CLANG_WARN_ENUM_CONVERSION = YES;
				CLANG_WARN_INFINITE_RECURSION = YES;
				CLANG_WARN_INT_CONVERSION = YES;
				CLANG_WARN_NON_LITERAL_NULL_CONVERSION = YES;
				CLANG_WARN_OBJC_IMPLICIT_RETAIN_SELF = YES;
				CLANG_WARN_OBJC_LITERAL_CONVERSION = YES;
				CLANG_WARN_OBJC_ROOT_CLASS = YES_ERROR;
				CLANG_WARN_RANGE_LOOP_ANALYSIS = YES;
				CLANG_WARN_STRICT_PROTOTYPES = YES;
				CLANG_WARN_SUSPICIOUS_MOVE = YES;
				CLANG_WARN_UNGUARDED_AVAILABILITY = YES_AGGRESSIVE;
				CLANG_WARN_UNREACHABLE_CODE = YES;
				CLANG_WARN__DUPLICATE_METHOD_MATCH = YES;
				COPY_PHASE_STRIP = NO;
				DEBUG_INFORMATION_FORMAT = "dwarf-with-dsym";
				ENABLE_NS_ASSERTIONS = NO;
				ENABLE_STRICT_OBJC_MSGSEND = YES;
				GCC_C_LANGUAGE_STANDARD = gnu11;
				GCC_NO_COMMON_BLOCKS = YES;
				GCC_WARN_64_TO_32_BIT_CONVERSION = YES;
				GCC_WARN_ABOUT_RETURN_TYPE = YES_ERROR;
				GCC_WARN_UNDECLARED_SELECTOR = YES;
				GCC_WARN_UNINITIALIZED_AUTOS = YES_AGGRESSIVE;
				GCC_WARN_UNUSED_FUNCTION = YES;
				GCC_WARN_UNUSED_VARIABLE = YES;
				IPHONEOS_DEPLOYMENT_TARGET = 13.2;
				MTL_ENABLE_DEBUG_INFO = NO;
				MTL_FAST_MATH = YES;
				SDKROOT = iphoneos;
				SWIFT_COMPILATION_MODE = wholemodule;
				SWIFT_OPTIMIZATION_LEVEL = "-O";
				VALIDATE_PRODUCT = YES;
			};
			name = Release;
		};
		595FC0D6241FA40600B4EEE4 /* Debug */ = {
			isa = XCBuildConfiguration;
			baseConfigurationReference = 75FE0F1A547DD08770B0C2D0 /* Pods-Currency Converter.debug.xcconfig */;
			buildSettings = {
				ASSETCATALOG_COMPILER_APPICON_NAME = AppIcon;
				CODE_SIGN_STYLE = Automatic;
				DEVELOPMENT_TEAM = 49GPYK54FQ;
				INFOPLIST_FILE = "Currency Converter/Info.plist";
				LD_RUNPATH_SEARCH_PATHS = (
					"$(inherited)",
					"@executable_path/Frameworks",
				);
				PRODUCT_BUNDLE_IDENTIFIER = "Kirill-Klimenkov.Currency-Converter";
				PRODUCT_NAME = "$(TARGET_NAME)";
				SWIFT_VERSION = 5.0;
				TARGETED_DEVICE_FAMILY = "1,2";
			};
			name = Debug;
		};
		595FC0D7241FA40600B4EEE4 /* Release */ = {
			isa = XCBuildConfiguration;
			baseConfigurationReference = 542A8D16B638C84491568462 /* Pods-Currency Converter.release.xcconfig */;
			buildSettings = {
				ASSETCATALOG_COMPILER_APPICON_NAME = AppIcon;
				CODE_SIGN_STYLE = Automatic;
				DEVELOPMENT_TEAM = 49GPYK54FQ;
				INFOPLIST_FILE = "Currency Converter/Info.plist";
				LD_RUNPATH_SEARCH_PATHS = (
					"$(inherited)",
					"@executable_path/Frameworks",
				);
				PRODUCT_BUNDLE_IDENTIFIER = "Kirill-Klimenkov.Currency-Converter";
				PRODUCT_NAME = "$(TARGET_NAME)";
				SWIFT_VERSION = 5.0;
				TARGETED_DEVICE_FAMILY = "1,2";
			};
			name = Release;
		};
		595FC0D9241FA40600B4EEE4 /* Debug */ = {
			isa = XCBuildConfiguration;
			baseConfigurationReference = 9A69F0144CE382400E931EEA /* Pods-Currency ConverterTests.debug.xcconfig */;
			buildSettings = {
				ALWAYS_EMBED_SWIFT_STANDARD_LIBRARIES = YES;
				BUNDLE_LOADER = "$(TEST_HOST)";
				CODE_SIGN_STYLE = Automatic;
				DEVELOPMENT_TEAM = 49GPYK54FQ;
				INFOPLIST_FILE = "Currency ConverterTests/Info.plist";
				IPHONEOS_DEPLOYMENT_TARGET = 13.2;
				LD_RUNPATH_SEARCH_PATHS = (
					"$(inherited)",
					"@executable_path/Frameworks",
					"@loader_path/Frameworks",
				);
				PRODUCT_BUNDLE_IDENTIFIER = "Kirill-Klimenkov.Currency-ConverterTests";
				PRODUCT_NAME = "$(TARGET_NAME)";
				SWIFT_VERSION = 5.0;
				TARGETED_DEVICE_FAMILY = "1,2";
				TEST_HOST = "$(BUILT_PRODUCTS_DIR)/Currency Converter.app/Currency Converter";
			};
			name = Debug;
		};
		595FC0DA241FA40600B4EEE4 /* Release */ = {
			isa = XCBuildConfiguration;
			baseConfigurationReference = 9FDFD26C6F25AA25CE6D9B09 /* Pods-Currency ConverterTests.release.xcconfig */;
			buildSettings = {
				ALWAYS_EMBED_SWIFT_STANDARD_LIBRARIES = YES;
				BUNDLE_LOADER = "$(TEST_HOST)";
				CODE_SIGN_STYLE = Automatic;
				DEVELOPMENT_TEAM = 49GPYK54FQ;
				INFOPLIST_FILE = "Currency ConverterTests/Info.plist";
				IPHONEOS_DEPLOYMENT_TARGET = 13.2;
				LD_RUNPATH_SEARCH_PATHS = (
					"$(inherited)",
					"@executable_path/Frameworks",
					"@loader_path/Frameworks",
				);
				PRODUCT_BUNDLE_IDENTIFIER = "Kirill-Klimenkov.Currency-ConverterTests";
				PRODUCT_NAME = "$(TARGET_NAME)";
				SWIFT_VERSION = 5.0;
				TARGETED_DEVICE_FAMILY = "1,2";
				TEST_HOST = "$(BUILT_PRODUCTS_DIR)/Currency Converter.app/Currency Converter";
			};
			name = Release;
		};
/* End XCBuildConfiguration section */

/* Begin XCConfigurationList section */
		595FC0B1241FA40400B4EEE4 /* Build configuration list for PBXProject "Currency Converter" */ = {
			isa = XCConfigurationList;
			buildConfigurations = (
				595FC0D3241FA40600B4EEE4 /* Debug */,
				595FC0D4241FA40600B4EEE4 /* Release */,
			);
			defaultConfigurationIsVisible = 0;
			defaultConfigurationName = Release;
		};
		595FC0D5241FA40600B4EEE4 /* Build configuration list for PBXNativeTarget "Currency Converter" */ = {
			isa = XCConfigurationList;
			buildConfigurations = (
				595FC0D6241FA40600B4EEE4 /* Debug */,
				595FC0D7241FA40600B4EEE4 /* Release */,
			);
			defaultConfigurationIsVisible = 0;
			defaultConfigurationName = Release;
		};
		595FC0D8241FA40600B4EEE4 /* Build configuration list for PBXNativeTarget "Currency ConverterTests" */ = {
			isa = XCConfigurationList;
			buildConfigurations = (
				595FC0D9241FA40600B4EEE4 /* Debug */,
				595FC0DA241FA40600B4EEE4 /* Release */,
			);
			defaultConfigurationIsVisible = 0;
			defaultConfigurationName = Release;
		};
/* End XCConfigurationList section */
	};
	rootObject = 595FC0AE241FA40400B4EEE4 /* Project object */;
}
